
Microsoft Visual Studio Solution File, Format Version 12.00
# Visual Studio Version 17
VisualStudioVersion = 17.9.34902.65
MinimumVisualStudioVersion = 10.0.40219.1
Project("{9A19103F-16F7-4668-BE54-9A1E7A4F7556}") = "Inkapsling, arv och polymorfism", "Inkapsling, arv och polymorfism\Inkapsling, arv och polymorfism.csproj", "{0702A66F-F9B7-4F90-AD31-5B342082DCDE}"
EndProject
Project("{FAE04EC0-301F-11D3-BF4B-00C04F79EFBC}") = "Person", "Person\Person.csproj", "{CA0955DA-0DFF-4B1E-B827-C289291CB19E}"
EndProject
Project("{FAE04EC0-301F-11D3-BF4B-00C04F79EFBC}") = "UserError", "UserError\UserError.csproj", "{51C1ED54-A345-4F54-B08B-FF70EAC9C4C1}"
EndProject
Project("{FAE04EC0-301F-11D3-BF4B-00C04F79EFBC}") = "Animal", "Animal\Animal.csproj", "{E352534E-DF78-4B30-9510-E3609A40F8D2}"
EndProject
Project("{2150E333-8FDC-42A3-9474-1A3956D46DE8}") = "Tests", "Tests", "{C28FAC92-79BA-4B49-B665-DFF99D32BB7D}"
EndProject
Project("{FAE04EC0-301F-11D3-BF4B-00C04F79EFBC}") = "Inkapsling__arv_och_polymorfism.Arv.Tests", "Inkapsling__arv_och_polymorfism.Arv.Tests\Inkapsling__arv_och_polymorfism.Arv.Tests.csproj", "{4F83253C-B604-4A18-B3D7-F5B27E50A185}"
EndProject
Project("{FAE04EC0-301F-11D3-BF4B-00C04F79EFBC}") = "Inkapsling__arv_och_polymorfism.Inkapsling.Tests", "Inkapsling__arv_och_polymorfism.Inkapsling.Tests\Inkapsling__arv_och_polymorfism.Inkapsling.Tests.csproj", "{BE9626DE-9185-4DA1-9953-C7B70C5B8FEB}"
EndProject
Global
	GlobalSection(SolutionConfigurationPlatforms) = preSolution
		Debug|Any CPU = Debug|Any CPU
		Release|Any CPU = Release|Any CPU
	EndGlobalSection
	GlobalSection(ProjectConfigurationPlatforms) = postSolution
		{0702A66F-F9B7-4F90-AD31-5B342082DCDE}.Debug|Any CPU.ActiveCfg = Debug|Any CPU
		{0702A66F-F9B7-4F90-AD31-5B342082DCDE}.Debug|Any CPU.Build.0 = Debug|Any CPU
		{0702A66F-F9B7-4F90-AD31-5B342082DCDE}.Release|Any CPU.ActiveCfg = Release|Any CPU
		{0702A66F-F9B7-4F90-AD31-5B342082DCDE}.Release|Any CPU.Build.0 = Release|Any CPU
		{CA0955DA-0DFF-4B1E-B827-C289291CB19E}.Debug|Any CPU.ActiveCfg = Debug|Any CPU
		{CA0955DA-0DFF-4B1E-B827-C289291CB19E}.Debug|Any CPU.Build.0 = Debug|Any CPU
		{CA0955DA-0DFF-4B1E-B827-C289291CB19E}.Release|Any CPU.ActiveCfg = Release|Any CPU
		{CA0955DA-0DFF-4B1E-B827-C289291CB19E}.Release|Any CPU.Build.0 = Release|Any CPU
		{51C1ED54-A345-4F54-B08B-FF70EAC9C4C1}.Debug|Any CPU.ActiveCfg = Debug|Any CPU
		{51C1ED54-A345-4F54-B08B-FF70EAC9C4C1}.Debug|Any CPU.Build.0 = Debug|Any CPU
		{51C1ED54-A345-4F54-B08B-FF70EAC9C4C1}.Release|Any CPU.ActiveCfg = Release|Any CPU
		{51C1ED54-A345-4F54-B08B-FF70EAC9C4C1}.Release|Any CPU.Build.0 = Release|Any CPU
		{E352534E-DF78-4B30-9510-E3609A40F8D2}.Debug|Any CPU.ActiveCfg = Debug|Any CPU
		{E352534E-DF78-4B30-9510-E3609A40F8D2}.Debug|Any CPU.Build.0 = Debug|Any CPU
		{E352534E-DF78-4B30-9510-E3609A40F8D2}.Release|Any CPU.ActiveCfg = Release|Any CPU
		{E352534E-DF78-4B30-9510-E3609A40F8D2}.Release|Any CPU.Build.0 = Release|Any CPU
		{4F83253C-B604-4A18-B3D7-F5B27E50A185}.Debug|Any CPU.ActiveCfg = Debug|Any CPU
		{4F83253C-B604-4A18-B3D7-F5B27E50A185}.Debug|Any CPU.Build.0 = Debug|Any CPU
		{4F83253C-B604-4A18-B3D7-F5B27E50A185}.Release|Any CPU.ActiveCfg = Release|Any CPU
		{4F83253C-B604-4A18-B3D7-F5B27E50A185}.Release|Any CPU.Build.0 = Release|Any CPU
		{BE9626DE-9185-4DA1-9953-C7B70C5B8FEB}.Debug|Any CPU.ActiveCfg = Debug|Any CPU
		{BE9626DE-9185-4DA1-9953-C7B70C5B8FEB}.Debug|Any CPU.Build.0 = Debug|Any CPU
		{BE9626DE-9185-4DA1-9953-C7B70C5B8FEB}.Release|Any CPU.ActiveCfg = Release|Any CPU
		{BE9626DE-9185-4DA1-9953-C7B70C5B8FEB}.Release|Any CPU.Build.0 = Release|Any CPU
	EndGlobalSection
	GlobalSection(SolutionProperties) = preSolution
		HideSolutionNode = FALSE
	EndGlobalSection
	GlobalSection(NestedProjects) = preSolution
		{4F83253C-B604-4A18-B3D7-F5B27E50A185} = {C28FAC92-79BA-4B49-B665-DFF99D32BB7D}
		{BE9626DE-9185-4DA1-9953-C7B70C5B8FEB} = {C28FAC92-79BA-4B49-B665-DFF99D32BB7D}
	EndGlobalSection
	GlobalSection(ExtensibilityGlobals) = postSolution
		SolutionGuid = {8024E5BD-2D8E-4676-900F-11D1C300371E}
	EndGlobalSection
EndGlobal
